// !$*UTF8*$!
{
	archiveVersion = 1;
	classes = {
	};
	objectVersion = 56;
	objects = {

/* Begin PBXBuildFile section */
		8F20C2242B647613001C68B6 /* Movie.swift in Sources */ = {isa = PBXBuildFile; fileRef = 8F20C2232B647613001C68B6 /* Movie.swift */; };
		8F20C2282B647EC1001C68B6 /* MovieTableViewCell.swift in Sources */ = {isa = PBXBuildFile; fileRef = 8F20C2272B647EC1001C68B6 /* MovieTableViewCell.swift */; };
		8F20C22A2B648F62001C68B6 /* MovieDetailsViewController.swift in Sources */ = {isa = PBXBuildFile; fileRef = 8F20C2292B648F62001C68B6 /* MovieDetailsViewController.swift */; };
		8F227E7B2B6DBB4F0081F45C /* FavoriteMoviesViewController.swift in Sources */ = {isa = PBXBuildFile; fileRef = 8F227E7A2B6DBB4F0081F45C /* FavoriteMoviesViewController.swift */; };
		8F227E7D2B6DC2890081F45C /* FavoriteMovieCollectionViewCell.swift in Sources */ = {isa = PBXBuildFile; fileRef = 8F227E7C2B6DC2890081F45C /* FavoriteMovieCollectionViewCell.swift */; };
		8F3066382B6878DE0021B7C5 /* MovieService.swift in Sources */ = {isa = PBXBuildFile; fileRef = 8F3066372B6878DE0021B7C5 /* MovieService.swift */; };
		8F369DF12B7BF1C8006623E6 /* HomeView.swift in Sources */ = {isa = PBXBuildFile; fileRef = 8F369DF02B7BF1C8006623E6 /* HomeView.swift */; };
		8F369DF32B7BF269006623E6 /* HomePresenter.swift in Sources */ = {isa = PBXBuildFile; fileRef = 8F369DF22B7BF269006623E6 /* HomePresenter.swift */; };
		8F5347132B7AA25C00DCAFE4 /* MoviesView.swift in Sources */ = {isa = PBXBuildFile; fileRef = 8F5347122B7AA25C00DCAFE4 /* MoviesView.swift */; };
		8F5347162B7AA70700DCAFE4 /* MoviesPresenter.swift in Sources */ = {isa = PBXBuildFile; fileRef = 8F5347152B7AA70700DCAFE4 /* MoviesPresenter.swift */; };
		8F630CB12B6B2B850064713D /* UIImageView+Kingfisher.swift in Sources */ = {isa = PBXBuildFile; fileRef = 8F630CB02B6B2B850064713D /* UIImageView+Kingfisher.swift */; };
		8F6E7B532B6330FF00FBDF96 /* MoviesViewController.swift in Sources */ = {isa = PBXBuildFile; fileRef = 8F6E7B522B6330FF00FBDF96 /* MoviesViewController.swift */; };
		8F753BAA2B61CF880012E7AE /* AppDelegate.swift in Sources */ = {isa = PBXBuildFile; fileRef = 8F753BA92B61CF880012E7AE /* AppDelegate.swift */; };
		8F753BAC2B61CF880012E7AE /* SceneDelegate.swift in Sources */ = {isa = PBXBuildFile; fileRef = 8F753BAB2B61CF880012E7AE /* SceneDelegate.swift */; };
		8F753BAE2B61CF880012E7AE /* HomeViewController.swift in Sources */ = {isa = PBXBuildFile; fileRef = 8F753BAD2B61CF880012E7AE /* HomeViewController.swift */; };
		8F753BB32B61CF890012E7AE /* Assets.xcassets in Resources */ = {isa = PBXBuildFile; fileRef = 8F753BB22B61CF890012E7AE /* Assets.xcassets */; };
		8F753BB62B61CF890012E7AE /* LaunchScreen.storyboard in Resources */ = {isa = PBXBuildFile; fileRef = 8F753BB42B61CF890012E7AE /* LaunchScreen.storyboard */; };
		8F9BB8F42B7674D0006D7449 /* FavoriteCollectionReusableView.swift in Sources */ = {isa = PBXBuildFile; fileRef = 8F9BB8F32B7674D0006D7449 /* FavoriteCollectionReusableView.swift */; };
		8FBF2E4E2B7BCBD6004D9D05 /* MoviesInteractor.swift in Sources */ = {isa = PBXBuildFile; fileRef = 8FBF2E4D2B7BCBD6004D9D05 /* MoviesInteractor.swift */; };
		8FBF2E512B7BE1CE004D9D05 /* FavoriteMoviesView.swift in Sources */ = {isa = PBXBuildFile; fileRef = 8FBF2E502B7BE1CE004D9D05 /* FavoriteMoviesView.swift */; };
		8FBF2E532B7BE1DF004D9D05 /* FavoriteMoviesPresenter.swift in Sources */ = {isa = PBXBuildFile; fileRef = 8FBF2E522B7BE1DF004D9D05 /* FavoriteMoviesPresenter.swift */; };
		8FFF4AD22B7687050084DD10 /* TabBarController.swift in Sources */ = {isa = PBXBuildFile; fileRef = 8FFF4AD12B7687050084DD10 /* TabBarController.swift */; };
		8FFF4AD42B769B010084DD10 /* MovieManager.swift in Sources */ = {isa = PBXBuildFile; fileRef = 8FFF4AD32B769B010084DD10 /* MovieManager.swift */; };
		A38EC530ECB4C8149995B1D0 /* Pods_Cinetopia.framework in Frameworks */ = {isa = PBXBuildFile; fileRef = B3D4120AEC90E8D92351FF64 /* Pods_Cinetopia.framework */; };
/* End PBXBuildFile section */

/* Begin PBXFileReference section */
		50A6B32E036341F85134B46E /* Pods-Cinetopia.release.xcconfig */ = {isa = PBXFileReference; includeInIndex = 1; lastKnownFileType = text.xcconfig; name = "Pods-Cinetopia.release.xcconfig"; path = "Target Support Files/Pods-Cinetopia/Pods-Cinetopia.release.xcconfig"; sourceTree = "<group>"; };
		8F20C2232B647613001C68B6 /* Movie.swift */ = {isa = PBXFileReference; lastKnownFileType = sourcecode.swift; path = Movie.swift; sourceTree = "<group>"; };
		8F20C2272B647EC1001C68B6 /* MovieTableViewCell.swift */ = {isa = PBXFileReference; lastKnownFileType = sourcecode.swift; path = MovieTableViewCell.swift; sourceTree = "<group>"; };
		8F20C2292B648F62001C68B6 /* MovieDetailsViewController.swift */ = {isa = PBXFileReference; lastKnownFileType = sourcecode.swift; path = MovieDetailsViewController.swift; sourceTree = "<group>"; };
		8F227E7A2B6DBB4F0081F45C /* FavoriteMoviesViewController.swift */ = {isa = PBXFileReference; lastKnownFileType = sourcecode.swift; path = FavoriteMoviesViewController.swift; sourceTree = "<group>"; };
		8F227E7C2B6DC2890081F45C /* FavoriteMovieCollectionViewCell.swift */ = {isa = PBXFileReference; lastKnownFileType = sourcecode.swift; path = FavoriteMovieCollectionViewCell.swift; sourceTree = "<group>"; };
		8F3066372B6878DE0021B7C5 /* MovieService.swift */ = {isa = PBXFileReference; lastKnownFileType = sourcecode.swift; path = MovieService.swift; sourceTree = "<group>"; };
		8F369DF02B7BF1C8006623E6 /* HomeView.swift */ = {isa = PBXFileReference; lastKnownFileType = sourcecode.swift; path = HomeView.swift; sourceTree = "<group>"; };
		8F369DF22B7BF269006623E6 /* HomePresenter.swift */ = {isa = PBXFileReference; lastKnownFileType = sourcecode.swift; path = HomePresenter.swift; sourceTree = "<group>"; };
		8F5347122B7AA25C00DCAFE4 /* MoviesView.swift */ = {isa = PBXFileReference; lastKnownFileType = sourcecode.swift; path = MoviesView.swift; sourceTree = "<group>"; };
		8F5347152B7AA70700DCAFE4 /* MoviesPresenter.swift */ = {isa = PBXFileReference; lastKnownFileType = sourcecode.swift; path = MoviesPresenter.swift; sourceTree = "<group>"; };
		8F630CB02B6B2B850064713D /* UIImageView+Kingfisher.swift */ = {isa = PBXFileReference; lastKnownFileType = sourcecode.swift; path = "UIImageView+Kingfisher.swift"; sourceTree = "<group>"; };
		8F6E7B522B6330FF00FBDF96 /* MoviesViewController.swift */ = {isa = PBXFileReference; lastKnownFileType = sourcecode.swift; path = MoviesViewController.swift; sourceTree = "<group>"; };
		8F753BA62B61CF880012E7AE /* Cinetopia.app */ = {isa = PBXFileReference; explicitFileType = wrapper.application; includeInIndex = 0; path = Cinetopia.app; sourceTree = BUILT_PRODUCTS_DIR; };
		8F753BA92B61CF880012E7AE /* AppDelegate.swift */ = {isa = PBXFileReference; lastKnownFileType = sourcecode.swift; path = AppDelegate.swift; sourceTree = "<group>"; };
		8F753BAB2B61CF880012E7AE /* SceneDelegate.swift */ = {isa = PBXFileReference; lastKnownFileType = sourcecode.swift; path = SceneDelegate.swift; sourceTree = "<group>"; };
		8F753BAD2B61CF880012E7AE /* HomeViewController.swift */ = {isa = PBXFileReference; lastKnownFileType = sourcecode.swift; path = HomeViewController.swift; sourceTree = "<group>"; };
		8F753BB22B61CF890012E7AE /* Assets.xcassets */ = {isa = PBXFileReference; lastKnownFileType = folder.assetcatalog; path = Assets.xcassets; sourceTree = "<group>"; };
		8F753BB52B61CF890012E7AE /* Base */ = {isa = PBXFileReference; lastKnownFileType = file.storyboard; name = Base; path = Base.lproj/LaunchScreen.storyboard; sourceTree = "<group>"; };
		8F753BB72B61CF890012E7AE /* Info.plist */ = {isa = PBXFileReference; lastKnownFileType = text.plist.xml; path = Info.plist; sourceTree = "<group>"; };
		8F9BB8F32B7674D0006D7449 /* FavoriteCollectionReusableView.swift */ = {isa = PBXFileReference; lastKnownFileType = sourcecode.swift; path = FavoriteCollectionReusableView.swift; sourceTree = "<group>"; };
		8FBF2E4D2B7BCBD6004D9D05 /* MoviesInteractor.swift */ = {isa = PBXFileReference; lastKnownFileType = sourcecode.swift; path = MoviesInteractor.swift; sourceTree = "<group>"; };
		8FBF2E502B7BE1CE004D9D05 /* FavoriteMoviesView.swift */ = {isa = PBXFileReference; lastKnownFileType = sourcecode.swift; path = FavoriteMoviesView.swift; sourceTree = "<group>"; };
		8FBF2E522B7BE1DF004D9D05 /* FavoriteMoviesPresenter.swift */ = {isa = PBXFileReference; lastKnownFileType = sourcecode.swift; path = FavoriteMoviesPresenter.swift; sourceTree = "<group>"; };
		8FFF4AD12B7687050084DD10 /* TabBarController.swift */ = {isa = PBXFileReference; lastKnownFileType = sourcecode.swift; path = TabBarController.swift; sourceTree = "<group>"; };
		8FFF4AD32B769B010084DD10 /* MovieManager.swift */ = {isa = PBXFileReference; lastKnownFileType = sourcecode.swift; path = MovieManager.swift; sourceTree = "<group>"; };
		A0FC389757B888056B59E57C /* Pods-Cinetopia.debug.xcconfig */ = {isa = PBXFileReference; includeInIndex = 1; lastKnownFileType = text.xcconfig; name = "Pods-Cinetopia.debug.xcconfig"; path = "Target Support Files/Pods-Cinetopia/Pods-Cinetopia.debug.xcconfig"; sourceTree = "<group>"; };
		B3D4120AEC90E8D92351FF64 /* Pods_Cinetopia.framework */ = {isa = PBXFileReference; explicitFileType = wrapper.framework; includeInIndex = 0; path = Pods_Cinetopia.framework; sourceTree = BUILT_PRODUCTS_DIR; };
/* End PBXFileReference section */

/* Begin PBXFrameworksBuildPhase section */
		8F753BA32B61CF880012E7AE /* Frameworks */ = {
			isa = PBXFrameworksBuildPhase;
			buildActionMask = 2147483647;
			files = (
				A38EC530ECB4C8149995B1D0 /* Pods_Cinetopia.framework in Frameworks */,
			);
			runOnlyForDeploymentPostprocessing = 0;
		};
/* End PBXFrameworksBuildPhase section */

/* Begin PBXGroup section */
		227935765038104B3F7778E1 /* Pods */ = {
			isa = PBXGroup;
			children = (
				A0FC389757B888056B59E57C /* Pods-Cinetopia.debug.xcconfig */,
				50A6B32E036341F85134B46E /* Pods-Cinetopia.release.xcconfig */,
			);
			path = Pods;
			sourceTree = "<group>";
		};
		74D71884940A9F8B6CDAA440 /* Frameworks */ = {
			isa = PBXGroup;
			children = (
				B3D4120AEC90E8D92351FF64 /* Pods_Cinetopia.framework */,
			);
			name = Frameworks;
			sourceTree = "<group>";
		};
		8F20C2212B6475EB001C68B6 /* Models */ = {
			isa = PBXGroup;
			children = (
				8F20C2232B647613001C68B6 /* Movie.swift */,
				8FFF4AD32B769B010084DD10 /* MovieManager.swift */,
			);
			path = Models;
			sourceTree = "<group>";
		};
		8F20C2222B6475FB001C68B6 /* Views */ = {
			isa = PBXGroup;
			children = (
				8F369DEF2B7BF19E006623E6 /* HomeView */,
				8FBF2E4F2B7BE1B2004D9D05 /* FavoriteMoviesView */,
				8F5347112B7A9DBF00DCAFE4 /* MoviesView */,
				8F20C2292B648F62001C68B6 /* MovieDetailsViewController.swift */,
				8FFF4AD12B7687050084DD10 /* TabBarController.swift */,
			);
			path = Views;
			sourceTree = "<group>";
		};
		8F20C2252B647EA4001C68B6 /* Cells */ = {
			isa = PBXGroup;
			children = (
				8F20C2272B647EC1001C68B6 /* MovieTableViewCell.swift */,
				8F227E7C2B6DC2890081F45C /* FavoriteMovieCollectionViewCell.swift */,
				8F9BB8F32B7674D0006D7449 /* FavoriteCollectionReusableView.swift */,
			);
			path = Cells;
			sourceTree = "<group>";
		};
		8F3066362B6878D20021B7C5 /* Services */ = {
			isa = PBXGroup;
			children = (
				8F3066372B6878DE0021B7C5 /* MovieService.swift */,
			);
			path = Services;
			sourceTree = "<group>";
		};
		8F369DEF2B7BF19E006623E6 /* HomeView */ = {
			isa = PBXGroup;
			children = (
				8F753BAD2B61CF880012E7AE /* HomeViewController.swift */,
				8F369DF02B7BF1C8006623E6 /* HomeView.swift */,
			);
			path = HomeView;
			sourceTree = "<group>";
		};
		8F5347112B7A9DBF00DCAFE4 /* MoviesView */ = {
			isa = PBXGroup;
			children = (
				8F6E7B522B6330FF00FBDF96 /* MoviesViewController.swift */,
				8F5347122B7AA25C00DCAFE4 /* MoviesView.swift */,
			);
			path = MoviesView;
			sourceTree = "<group>";
		};
		8F5347142B7AA6F700DCAFE4 /* Presenters */ = {
			isa = PBXGroup;
			children = (
				8F5347152B7AA70700DCAFE4 /* MoviesPresenter.swift */,
				8FBF2E522B7BE1DF004D9D05 /* FavoriteMoviesPresenter.swift */,
				8F369DF22B7BF269006623E6 /* HomePresenter.swift */,
			);
			path = Presenters;
			sourceTree = "<group>";
		};
		8F630CAE2B6B2B670064713D /* Utils */ = {
			isa = PBXGroup;
			children = (
				8F630CB02B6B2B850064713D /* UIImageView+Kingfisher.swift */,
			);
			path = Utils;
			sourceTree = "<group>";
		};
		8F753B9D2B61CF880012E7AE = {
			isa = PBXGroup;
			children = (
				8F753BA82B61CF880012E7AE /* Cinetopia */,
				8F753BA72B61CF880012E7AE /* Products */,
				227935765038104B3F7778E1 /* Pods */,
				74D71884940A9F8B6CDAA440 /* Frameworks */,
			);
			sourceTree = "<group>";
		};
		8F753BA72B61CF880012E7AE /* Products */ = {
			isa = PBXGroup;
			children = (
				8F753BA62B61CF880012E7AE /* Cinetopia.app */,
			);
			name = Products;
			sourceTree = "<group>";
		};
		8F753BA82B61CF880012E7AE /* Cinetopia */ = {
			isa = PBXGroup;
			children = (
				8FBF2E4C2B7BCBC9004D9D05 /* Interactors */,
				8F5347142B7AA6F700DCAFE4 /* Presenters */,
				8F630CAE2B6B2B670064713D /* Utils */,
				8F3066362B6878D20021B7C5 /* Services */,
				8F20C2252B647EA4001C68B6 /* Cells */,
				8F20C2222B6475FB001C68B6 /* Views */,
				8F20C2212B6475EB001C68B6 /* Models */,
				8F753BA92B61CF880012E7AE /* AppDelegate.swift */,
				8F753BAB2B61CF880012E7AE /* SceneDelegate.swift */,
				8F753BB22B61CF890012E7AE /* Assets.xcassets */,
				8F753BB42B61CF890012E7AE /* LaunchScreen.storyboard */,
				8F753BB72B61CF890012E7AE /* Info.plist */,
			);
			path = Cinetopia;
			sourceTree = "<group>";
		};
		8FBF2E4C2B7BCBC9004D9D05 /* Interactors */ = {
			isa = PBXGroup;
			children = (
				8FBF2E4D2B7BCBD6004D9D05 /* MoviesInteractor.swift */,
			);
			path = Interactors;
			sourceTree = "<group>";
		};
		8FBF2E4F2B7BE1B2004D9D05 /* FavoriteMoviesView */ = {
			isa = PBXGroup;
			children = (
				8F227E7A2B6DBB4F0081F45C /* FavoriteMoviesViewController.swift */,
				8FBF2E502B7BE1CE004D9D05 /* FavoriteMoviesView.swift */,
			);
			path = FavoriteMoviesView;
			sourceTree = "<group>";
		};
/* End PBXGroup section */

/* Begin PBXNativeTarget section */
		8F753BA52B61CF880012E7AE /* Cinetopia */ = {
			isa = PBXNativeTarget;
			buildConfigurationList = 8F753BBA2B61CF890012E7AE /* Build configuration list for PBXNativeTarget "Cinetopia" */;
			buildPhases = (
				2E245A782F826DE01B9E4E8C /* [CP] Check Pods Manifest.lock */,
				8F753BA22B61CF880012E7AE /* Sources */,
				8F753BA32B61CF880012E7AE /* Frameworks */,
				8F753BA42B61CF880012E7AE /* Resources */,
				5BDBF4E9B0405D88508986D0 /* [CP] Embed Pods Frameworks */,
			);
			buildRules = (
			);
			dependencies = (
			);
			name = Cinetopia;
			productName = Cinetopia;
			productReference = 8F753BA62B61CF880012E7AE /* Cinetopia.app */;
			productType = "com.apple.product-type.application";
		};
/* End PBXNativeTarget section */

/* Begin PBXProject section */
		8F753B9E2B61CF880012E7AE /* Project object */ = {
			isa = PBXProject;
			attributes = {
				BuildIndependentTargetsInParallel = 1;
				LastSwiftUpdateCheck = 1520;
				LastUpgradeCheck = 1520;
				TargetAttributes = {
					8F753BA52B61CF880012E7AE = {
						CreatedOnToolsVersion = 15.2;
					};
				};
			};
			buildConfigurationList = 8F753BA12B61CF880012E7AE /* Build configuration list for PBXProject "Cinetopia" */;
			compatibilityVersion = "Xcode 14.0";
			developmentRegion = en;
			hasScannedForEncodings = 0;
			knownRegions = (
				en,
				Base,
			);
			mainGroup = 8F753B9D2B61CF880012E7AE;
			productRefGroup = 8F753BA72B61CF880012E7AE /* Products */;
			projectDirPath = "";
			projectRoot = "";
			targets = (
				8F753BA52B61CF880012E7AE /* Cinetopia */,
			);
		};
/* End PBXProject section */

/* Begin PBXResourcesBuildPhase section */
		8F753BA42B61CF880012E7AE /* Resources */ = {
			isa = PBXResourcesBuildPhase;
			buildActionMask = 2147483647;
			files = (
				8F753BB62B61CF890012E7AE /* LaunchScreen.storyboard in Resources */,
				8F753BB32B61CF890012E7AE /* Assets.xcassets in Resources */,
			);
			runOnlyForDeploymentPostprocessing = 0;
		};
/* End PBXResourcesBuildPhase section */

/* Begin PBXShellScriptBuildPhase section */
		2E245A782F826DE01B9E4E8C /* [CP] Check Pods Manifest.lock */ = {
			isa = PBXShellScriptBuildPhase;
			buildActionMask = 2147483647;
			files = (
			);
			inputFileListPaths = (
			);
			inputPaths = (
				"${PODS_PODFILE_DIR_PATH}/Podfile.lock",
				"${PODS_ROOT}/Manifest.lock",
			);
			name = "[CP] Check Pods Manifest.lock";
			outputFileListPaths = (
			);
			outputPaths = (
				"$(DERIVED_FILE_DIR)/Pods-Cinetopia-checkManifestLockResult.txt",
			);
			runOnlyForDeploymentPostprocessing = 0;
			shellPath = /bin/sh;
			shellScript = "diff \"${PODS_PODFILE_DIR_PATH}/Podfile.lock\" \"${PODS_ROOT}/Manifest.lock\" > /dev/null\nif [ $? != 0 ] ; then\n    # print error to STDERR\n    echo \"error: The sandbox is not in sync with the Podfile.lock. Run 'pod install' or update your CocoaPods installation.\" >&2\n    exit 1\nfi\n# This output is used by Xcode 'outputs' to avoid re-running this script phase.\necho \"SUCCESS\" > \"${SCRIPT_OUTPUT_FILE_0}\"\n";
			showEnvVarsInLog = 0;
		};
		5BDBF4E9B0405D88508986D0 /* [CP] Embed Pods Frameworks */ = {
			isa = PBXShellScriptBuildPhase;
			buildActionMask = 2147483647;
			files = (
			);
			inputFileListPaths = (
				"${PODS_ROOT}/Target Support Files/Pods-Cinetopia/Pods-Cinetopia-frameworks-${CONFIGURATION}-input-files.xcfilelist",
			);
			name = "[CP] Embed Pods Frameworks";
			outputFileListPaths = (
				"${PODS_ROOT}/Target Support Files/Pods-Cinetopia/Pods-Cinetopia-frameworks-${CONFIGURATION}-output-files.xcfilelist",
			);
			runOnlyForDeploymentPostprocessing = 0;
			shellPath = /bin/sh;
			shellScript = "\"${PODS_ROOT}/Target Support Files/Pods-Cinetopia/Pods-Cinetopia-frameworks.sh\"\n";
			showEnvVarsInLog = 0;
		};
/* End PBXShellScriptBuildPhase section */

/* Begin PBXSourcesBuildPhase section */
		8F753BA22B61CF880012E7AE /* Sources */ = {
			isa = PBXSourcesBuildPhase;
			buildActionMask = 2147483647;
			files = (
				8F369DF32B7BF269006623E6 /* HomePresenter.swift in Sources */,
				8F753BAE2B61CF880012E7AE /* HomeViewController.swift in Sources */,
				8FBF2E532B7BE1DF004D9D05 /* FavoriteMoviesPresenter.swift in Sources */,
				8FFF4AD22B7687050084DD10 /* TabBarController.swift in Sources */,
				8FFF4AD42B769B010084DD10 /* MovieManager.swift in Sources */,
				8FBF2E512B7BE1CE004D9D05 /* FavoriteMoviesView.swift in Sources */,
				8F9BB8F42B7674D0006D7449 /* FavoriteCollectionReusableView.swift in Sources */,
				8F753BAA2B61CF880012E7AE /* AppDelegate.swift in Sources */,
				8F20C2282B647EC1001C68B6 /* MovieTableViewCell.swift in Sources */,
				8F630CB12B6B2B850064713D /* UIImageView+Kingfisher.swift in Sources */,
				8F20C22A2B648F62001C68B6 /* MovieDetailsViewController.swift in Sources */,
				8F753BAC2B61CF880012E7AE /* SceneDelegate.swift in Sources */,
				8F6E7B532B6330FF00FBDF96 /* MoviesViewController.swift in Sources */,
				8F5347132B7AA25C00DCAFE4 /* MoviesView.swift in Sources */,
				8F369DF12B7BF1C8006623E6 /* HomeView.swift in Sources */,
				8F5347162B7AA70700DCAFE4 /* MoviesPresenter.swift in Sources */,
				8FBF2E4E2B7BCBD6004D9D05 /* MoviesInteractor.swift in Sources */,
				8F227E7D2B6DC2890081F45C /* FavoriteMovieCollectionViewCell.swift in Sources */,
				8F227E7B2B6DBB4F0081F45C /* FavoriteMoviesViewController.swift in Sources */,
				8F3066382B6878DE0021B7C5 /* MovieService.swift in Sources */,
				8F20C2242B647613001C68B6 /* Movie.swift in Sources */,
			);
			runOnlyForDeploymentPostprocessing = 0;
		};
/* End PBXSourcesBuildPhase section */

/* Begin PBXVariantGroup section */
		8F753BB42B61CF890012E7AE /* LaunchScreen.storyboard */ = {
			isa = PBXVariantGroup;
			children = (
				8F753BB52B61CF890012E7AE /* Base */,
			);
			name = LaunchScreen.storyboard;
			sourceTree = "<group>";
		};
/* End PBXVariantGroup section */

/* Begin XCBuildConfiguration section */
		8F753BB82B61CF890012E7AE /* Debug */ = {
			isa = XCBuildConfiguration;
			buildSettings = {
				ALWAYS_SEARCH_USER_PATHS = NO;
				ASSETCATALOG_COMPILER_GENERATE_SWIFT_ASSET_SYMBOL_EXTENSIONS = YES;
				CLANG_ANALYZER_NONNULL = YES;
				CLANG_ANALYZER_NUMBER_OBJECT_CONVERSION = YES_AGGRESSIVE;
				CLANG_CXX_LANGUAGE_STANDARD = "gnu++20";
				CLANG_ENABLE_MODULES = YES;
				CLANG_ENABLE_OBJC_ARC = YES;
				CLANG_ENABLE_OBJC_WEAK = YES;
				CLANG_WARN_BLOCK_CAPTURE_AUTORELEASING = YES;
				CLANG_WARN_BOOL_CONVERSION = YES;
				CLANG_WARN_COMMA = YES;
				CLANG_WARN_CONSTANT_CONVERSION = YES;
				CLANG_WARN_DEPRECATED_OBJC_IMPLEMENTATIONS = YES;
				CLANG_WARN_DIRECT_OBJC_ISA_USAGE = YES_ERROR;
				CLANG_WARN_DOCUMENTATION_COMMENTS = YES;
				CLANG_WARN_EMPTY_BODY = YES;
				CLANG_WARN_ENUM_CONVERSION = YES;
				CLANG_WARN_INFINITE_RECURSION = YES;
				CLANG_WARN_INT_CONVERSION = YES;
				CLANG_WARN_NON_LITERAL_NULL_CONVERSION = YES;
				CLANG_WARN_OBJC_IMPLICIT_RETAIN_SELF = YES;
				CLANG_WARN_OBJC_LITERAL_CONVERSION = YES;
				CLANG_WARN_OBJC_ROOT_CLASS = YES_ERROR;
				CLANG_WARN_QUOTED_INCLUDE_IN_FRAMEWORK_HEADER = YES;
				CLANG_WARN_RANGE_LOOP_ANALYSIS = YES;
				CLANG_WARN_STRICT_PROTOTYPES = YES;
				CLANG_WARN_SUSPICIOUS_MOVE = YES;
				CLANG_WARN_UNGUARDED_AVAILABILITY = YES_AGGRESSIVE;
				CLANG_WARN_UNREACHABLE_CODE = YES;
				CLANG_WARN__DUPLICATE_METHOD_MATCH = YES;
				COPY_PHASE_STRIP = NO;
				DEBUG_INFORMATION_FORMAT = dwarf;
				ENABLE_STRICT_OBJC_MSGSEND = YES;
				ENABLE_TESTABILITY = YES;
				ENABLE_USER_SCRIPT_SANDBOXING = NO;
				GCC_C_LANGUAGE_STANDARD = gnu17;
				GCC_DYNAMIC_NO_PIC = NO;
				GCC_NO_COMMON_BLOCKS = YES;
				GCC_OPTIMIZATION_LEVEL = 0;
				GCC_PREPROCESSOR_DEFINITIONS = (
					"DEBUG=1",
					"$(inherited)",
				);
				GCC_WARN_64_TO_32_BIT_CONVERSION = YES;
				GCC_WARN_ABOUT_RETURN_TYPE = YES_ERROR;
				GCC_WARN_UNDECLARED_SELECTOR = YES;
				GCC_WARN_UNINITIALIZED_AUTOS = YES_AGGRESSIVE;
				GCC_WARN_UNUSED_FUNCTION = YES;
				GCC_WARN_UNUSED_VARIABLE = YES;
				IPHONEOS_DEPLOYMENT_TARGET = 17.2;
				LOCALIZATION_PREFERS_STRING_CATALOGS = YES;
				MTL_ENABLE_DEBUG_INFO = INCLUDE_SOURCE;
				MTL_FAST_MATH = YES;
				ONLY_ACTIVE_ARCH = YES;
				SDKROOT = iphoneos;
				SWIFT_ACTIVE_COMPILATION_CONDITIONS = "DEBUG $(inherited)";
				SWIFT_OPTIMIZATION_LEVEL = "-Onone";
			};
			name = Debug;
		};
		8F753BB92B61CF890012E7AE /* Release */ = {
			isa = XCBuildConfiguration;
			buildSettings = {
				ALWAYS_SEARCH_USER_PATHS = NO;
				ASSETCATALOG_COMPILER_GENERATE_SWIFT_ASSET_SYMBOL_EXTENSIONS = YES;
				CLANG_ANALYZER_NONNULL = YES;
				CLANG_ANALYZER_NUMBER_OBJECT_CONVERSION = YES_AGGRESSIVE;
				CLANG_CXX_LANGUAGE_STANDARD = "gnu++20";
				CLANG_ENABLE_MODULES = YES;
				CLANG_ENABLE_OBJC_ARC = YES;
				CLANG_ENABLE_OBJC_WEAK = YES;
				CLANG_WARN_BLOCK_CAPTURE_AUTORELEASING = YES;
				CLANG_WARN_BOOL_CONVERSION = YES;
				CLANG_WARN_COMMA = YES;
				CLANG_WARN_CONSTANT_CONVERSION = YES;
				CLANG_WARN_DEPRECATED_OBJC_IMPLEMENTATIONS = YES;
				CLANG_WARN_DIRECT_OBJC_ISA_USAGE = YES_ERROR;
				CLANG_WARN_DOCUMENTATION_COMMENTS = YES;
				CLANG_WARN_EMPTY_BODY = YES;
				CLANG_WARN_ENUM_CONVERSION = YES;
				CLANG_WARN_INFINITE_RECURSION = YES;
				CLANG_WARN_INT_CONVERSION = YES;
				CLANG_WARN_NON_LITERAL_NULL_CONVERSION = YES;
				CLANG_WARN_OBJC_IMPLICIT_RETAIN_SELF = YES;
				CLANG_WARN_OBJC_LITERAL_CONVERSION = YES;
				CLANG_WARN_OBJC_ROOT_CLASS = YES_ERROR;
				CLANG_WARN_QUOTED_INCLUDE_IN_FRAMEWORK_HEADER = YES;
				CLANG_WARN_RANGE_LOOP_ANALYSIS = YES;
				CLANG_WARN_STRICT_PROTOTYPES = YES;
				CLANG_WARN_SUSPICIOUS_MOVE = YES;
				CLANG_WARN_UNGUARDED_AVAILABILITY = YES_AGGRESSIVE;
				CLANG_WARN_UNREACHABLE_CODE = YES;
				CLANG_WARN__DUPLICATE_METHOD_MATCH = YES;
				COPY_PHASE_STRIP = NO;
				DEBUG_INFORMATION_FORMAT = "dwarf-with-dsym";
				ENABLE_NS_ASSERTIONS = NO;
				ENABLE_STRICT_OBJC_MSGSEND = YES;
				ENABLE_USER_SCRIPT_SANDBOXING = NO;
				GCC_C_LANGUAGE_STANDARD = gnu17;
				GCC_NO_COMMON_BLOCKS = YES;
				GCC_WARN_64_TO_32_BIT_CONVERSION = YES;
				GCC_WARN_ABOUT_RETURN_TYPE = YES_ERROR;
				GCC_WARN_UNDECLARED_SELECTOR = YES;
				GCC_WARN_UNINITIALIZED_AUTOS = YES_AGGRESSIVE;
				GCC_WARN_UNUSED_FUNCTION = YES;
				GCC_WARN_UNUSED_VARIABLE = YES;
				IPHONEOS_DEPLOYMENT_TARGET = 17.2;
				LOCALIZATION_PREFERS_STRING_CATALOGS = YES;
				MTL_ENABLE_DEBUG_INFO = NO;
				MTL_FAST_MATH = YES;
				SDKROOT = iphoneos;
				SWIFT_COMPILATION_MODE = wholemodule;
				VALIDATE_PRODUCT = YES;
			};
			name = Release;
		};
		8F753BBB2B61CF890012E7AE /* Debug */ = {
			isa = XCBuildConfiguration;
			baseConfigurationReference = A0FC389757B888056B59E57C /* Pods-Cinetopia.debug.xcconfig */;
			buildSettings = {
				ASSETCATALOG_COMPILER_APPICON_NAME = AppIcon;
				ASSETCATALOG_COMPILER_GLOBAL_ACCENT_COLOR_NAME = AccentColor;
				CODE_SIGN_STYLE = Automatic;
				CURRENT_PROJECT_VERSION = 1;
				DEVELOPMENT_TEAM = HH2S8UQAJA;
				GENERATE_INFOPLIST_FILE = YES;
				INFOPLIST_FILE = Cinetopia/Info.plist;
				INFOPLIST_KEY_UIApplicationSupportsIndirectInputEvents = YES;
				INFOPLIST_KEY_UILaunchStoryboardName = LaunchScreen;
				INFOPLIST_KEY_UISupportedInterfaceOrientations_iPad = "UIInterfaceOrientationPortrait UIInterfaceOrientationPortraitUpsideDown UIInterfaceOrientationLandscapeLeft UIInterfaceOrientationLandscapeRight";
				INFOPLIST_KEY_UISupportedInterfaceOrientations_iPhone = "UIInterfaceOrientationPortrait UIInterfaceOrientationLandscapeLeft UIInterfaceOrientationLandscapeRight";
				IPHONEOS_DEPLOYMENT_TARGET = 17.0;
				LD_RUNPATH_SEARCH_PATHS = (
					"$(inherited)",
					"@executable_path/Frameworks",
				);
				MARKETING_VERSION = 1.0;
				PRODUCT_BUNDLE_IDENTIFIER = pierre.Cinetopia;
				PRODUCT_NAME = "$(TARGET_NAME)";
				SUPPORTED_PLATFORMS = "iphoneos iphonesimulator";
				SUPPORTS_MACCATALYST = NO;
				SUPPORTS_MAC_DESIGNED_FOR_IPHONE_IPAD = NO;
				SUPPORTS_XR_DESIGNED_FOR_IPHONE_IPAD = NO;
				SWIFT_EMIT_LOC_STRINGS = YES;
				SWIFT_VERSION = 5.0;
				TARGETED_DEVICE_FAMILY = "1,2";
			};
			name = Debug;
		};
		8F753BBC2B61CF890012E7AE /* Release */ = {
			isa = XCBuildConfiguration;
			baseConfigurationReference = 50A6B32E036341F85134B46E /* Pods-Cinetopia.release.xcconfig */;
			buildSettings = {
				ASSETCATALOG_COMPILER_APPICON_NAME = AppIcon;
				ASSETCATALOG_COMPILER_GLOBAL_ACCENT_COLOR_NAME = AccentColor;
				CODE_SIGN_STYLE = Automatic;
				CURRENT_PROJECT_VERSION = 1;
				DEVELOPMENT_TEAM = HH2S8UQAJA;
				GENERATE_INFOPLIST_FILE = YES;
				INFOPLIST_FILE = Cinetopia/Info.plist;
				INFOPLIST_KEY_UIApplicationSupportsIndirectInputEvents = YES;
				INFOPLIST_KEY_UILaunchStoryboardName = LaunchScreen;
				INFOPLIST_KEY_UISupportedInterfaceOrientations_iPad = "UIInterfaceOrientationPortrait UIInterfaceOrientationPortraitUpsideDown UIInterfaceOrientationLandscapeLeft UIInterfaceOrientationLandscapeRight";
				INFOPLIST_KEY_UISupportedInterfaceOrientations_iPhone = "UIInterfaceOrientationPortrait UIInterfaceOrientationLandscapeLeft UIInterfaceOrientationLandscapeRight";
				IPHONEOS_DEPLOYMENT_TARGET = 17.0;
				LD_RUNPATH_SEARCH_PATHS = (
					"$(inherited)",
					"@executable_path/Frameworks",
				);
				MARKETING_VERSION = 1.0;
				PRODUCT_BUNDLE_IDENTIFIER = pierre.Cinetopia;
				PRODUCT_NAME = "$(TARGET_NAME)";
				SUPPORTED_PLATFORMS = "iphoneos iphonesimulator";
				SUPPORTS_MACCATALYST = NO;
				SUPPORTS_MAC_DESIGNED_FOR_IPHONE_IPAD = NO;
				SUPPORTS_XR_DESIGNED_FOR_IPHONE_IPAD = NO;
				SWIFT_EMIT_LOC_STRINGS = YES;
				SWIFT_VERSION = 5.0;
				TARGETED_DEVICE_FAMILY = "1,2";
			};
			name = Release;
		};
/* End XCBuildConfiguration section */

/* Begin XCConfigurationList section */
		8F753BA12B61CF880012E7AE /* Build configuration list for PBXProject "Cinetopia" */ = {
			isa = XCConfigurationList;
			buildConfigurations = (
				8F753BB82B61CF890012E7AE /* Debug */,
				8F753BB92B61CF890012E7AE /* Release */,
			);
			defaultConfigurationIsVisible = 0;
			defaultConfigurationName = Release;
		};
		8F753BBA2B61CF890012E7AE /* Build configuration list for PBXNativeTarget "Cinetopia" */ = {
			isa = XCConfigurationList;
			buildConfigurations = (
				8F753BBB2B61CF890012E7AE /* Debug */,
				8F753BBC2B61CF890012E7AE /* Release */,
			);
			defaultConfigurationIsVisible = 0;
			defaultConfigurationName = Release;
		};
/* End XCConfigurationList section */
	};
	rootObject = 8F753B9E2B61CF880012E7AE /* Project object */;
}
